// !$*UTF8*$!
{
	archiveVersion = 1;
	classes = {
	};
	objectVersion = 50;
	objects = {

/* Begin PBXBuildFile section */
		CD026F91271CF80600F1AD64 /* Date+Extensions.swift in Sources */ = {isa = PBXBuildFile; fileRef = CD026F90271CF80600F1AD64 /* Date+Extensions.swift */; };
		CD026F9A271CF86100F1AD64 /* MD5Generator.swift in Sources */ = {isa = PBXBuildFile; fileRef = CD026F99271CF86100F1AD64 /* MD5Generator.swift */; };
		CD026FA9271CF8CC00F1AD64 /* EnumConstants.swift in Sources */ = {isa = PBXBuildFile; fileRef = CD026FA8271CF8CC00F1AD64 /* EnumConstants.swift */; };
		CD026FB1271CF8F100F1AD64 /* UrlCreatorEndpoint.swift in Sources */ = {isa = PBXBuildFile; fileRef = CD026FB0271CF8F100F1AD64 /* UrlCreatorEndpoint.swift */; };
		CD026FBD271CF97B00F1AD64 /* UrlCreatorEndpoint.swift in Sources */ = {isa = PBXBuildFile; fileRef = CD026FB0271CF8F100F1AD64 /* UrlCreatorEndpoint.swift */; };
		CD026FC1271CF99200F1AD64 /* Date+Extensions.swift in Sources */ = {isa = PBXBuildFile; fileRef = CD026F90271CF80600F1AD64 /* Date+Extensions.swift */; };
		CD026FD5271CFA1A00F1AD64 /* RemoteGetCharacters.swift in Sources */ = {isa = PBXBuildFile; fileRef = CD65A3F2271B934900249530 /* RemoteGetCharacters.swift */; };
		CD026FD9271CFA1D00F1AD64 /* UrlCreator.swift in Sources */ = {isa = PBXBuildFile; fileRef = CD65A40F271C75FC00249530 /* UrlCreator.swift */; };
		CD026FDD271CFA2700F1AD64 /* HttpGetRequest.swift in Sources */ = {isa = PBXBuildFile; fileRef = CD65A3F7271B936900249530 /* HttpGetRequest.swift */; };
		CD026FDE271CFA2700F1AD64 /* MD5Generator.swift in Sources */ = {isa = PBXBuildFile; fileRef = CD026F99271CF86100F1AD64 /* MD5Generator.swift */; };
		CD026FE4271E5EBD00F1AD64 /* DomainError.swift in Sources */ = {isa = PBXBuildFile; fileRef = CD026FE3271E5EBD00F1AD64 /* DomainError.swift */; };
		CD026FED271E69EF00F1AD64 /* HttpError.swift in Sources */ = {isa = PBXBuildFile; fileRef = CD026FEC271E69EF00F1AD64 /* HttpError.swift */; };
		CD026FF4271E6A2A00F1AD64 /* HttpError.swift in Sources */ = {isa = PBXBuildFile; fileRef = CD026FEC271E69EF00F1AD64 /* HttpError.swift */; };
		CD026FFB271FA23100F1AD64 /* Model.swift in Sources */ = {isa = PBXBuildFile; fileRef = CD026FFA271FA23100F1AD64 /* Model.swift */; };
		CD027005271FA30B00F1AD64 /* Data+Extension.swift in Sources */ = {isa = PBXBuildFile; fileRef = CD027004271FA30B00F1AD64 /* Data+Extension.swift */; };
		CD02701A271FB8E400F1AD64 /* Infra.framework in Frameworks */ = {isa = PBXBuildFile; fileRef = CD027011271FB8E400F1AD64 /* Infra.framework */; };
		CD02701F271FB8E400F1AD64 /* AlamofireAdaptarTest.swift in Sources */ = {isa = PBXBuildFile; fileRef = CD02701E271FB8E400F1AD64 /* AlamofireAdaptarTest.swift */; };
		CD027032271FB8F500F1AD64 /* Data.framework in Frameworks */ = {isa = PBXBuildFile; fileRef = CD65A3BF271B85D900249530 /* Data.framework */; };
		CD027033271FB8F500F1AD64 /* Data.framework in Embed Frameworks */ = {isa = PBXBuildFile; fileRef = CD65A3BF271B85D900249530 /* Data.framework */; settings = {ATTRIBUTES = (CodeSignOnCopy, RemoveHeadersOnCopy, ); }; };
		CD65A3A2271B77CA00249530 /* Domain.framework in Frameworks */ = {isa = PBXBuildFile; fileRef = CD65A399271B77CA00249530 /* Domain.framework */; };
		CD65A3A7271B77CA00249530 /* DomainTests.swift in Sources */ = {isa = PBXBuildFile; fileRef = CD65A3A6271B77CA00249530 /* DomainTests.swift */; };
		CD65A3B3271B81A800249530 /* GetCharacters.swift in Sources */ = {isa = PBXBuildFile; fileRef = CD65A3B2271B81A800249530 /* GetCharacters.swift */; };
		CD65A3B7271B852000249530 /* CharacterModel.swift in Sources */ = {isa = PBXBuildFile; fileRef = CD65A3B6271B852000249530 /* CharacterModel.swift */; };
		CD65A3C8271B85D900249530 /* Data.framework in Frameworks */ = {isa = PBXBuildFile; fileRef = CD65A3BF271B85D900249530 /* Data.framework */; };
		CD65A3DF271B861200249530 /* Domain.framework in Frameworks */ = {isa = PBXBuildFile; fileRef = CD65A399271B77CA00249530 /* Domain.framework */; };
		CD65A3E0271B861200249530 /* Domain.framework in Embed Frameworks */ = {isa = PBXBuildFile; fileRef = CD65A399271B77CA00249530 /* Domain.framework */; settings = {ATTRIBUTES = (CodeSignOnCopy, RemoveHeadersOnCopy, ); }; };
		CD65A3EB271B86C000249530 /* RemoteGetCharactersTests.swift in Sources */ = {isa = PBXBuildFile; fileRef = CD65A3EA271B86C000249530 /* RemoteGetCharactersTests.swift */; };
		CD65A3F3271B934900249530 /* RemoteGetCharacters.swift in Sources */ = {isa = PBXBuildFile; fileRef = CD65A3F2271B934900249530 /* RemoteGetCharacters.swift */; };
		CD65A3F8271B936900249530 /* HttpGetRequest.swift in Sources */ = {isa = PBXBuildFile; fileRef = CD65A3F7271B936900249530 /* HttpGetRequest.swift */; };
		CD65A40B271BC38C00249530 /* UrlCreatorTest.swift in Sources */ = {isa = PBXBuildFile; fileRef = CD65A40A271BC38C00249530 /* UrlCreatorTest.swift */; };
		CD65A410271C75FC00249530 /* UrlCreator.swift in Sources */ = {isa = PBXBuildFile; fileRef = CD65A40F271C75FC00249530 /* UrlCreator.swift */; };
/* End PBXBuildFile section */

/* Begin PBXContainerItemProxy section */
		CD02701B271FB8E400F1AD64 /* PBXContainerItemProxy */ = {
			isa = PBXContainerItemProxy;
			containerPortal = CD65A36B271B6FDF00249530 /* Project object */;
			proxyType = 1;
			remoteGlobalIDString = CD027010271FB8E400F1AD64;
			remoteInfo = Infra;
		};
		CD027034271FB8F500F1AD64 /* PBXContainerItemProxy */ = {
			isa = PBXContainerItemProxy;
			containerPortal = CD65A36B271B6FDF00249530 /* Project object */;
			proxyType = 1;
			remoteGlobalIDString = CD65A3BE271B85D900249530;
			remoteInfo = Data;
		};
		CD65A3A3271B77CA00249530 /* PBXContainerItemProxy */ = {
			isa = PBXContainerItemProxy;
			containerPortal = CD65A36B271B6FDF00249530 /* Project object */;
			proxyType = 1;
			remoteGlobalIDString = CD65A398271B77CA00249530;
			remoteInfo = Domain;
		};
		CD65A3C9271B85D900249530 /* PBXContainerItemProxy */ = {
			isa = PBXContainerItemProxy;
			containerPortal = CD65A36B271B6FDF00249530 /* Project object */;
			proxyType = 1;
			remoteGlobalIDString = CD65A3BE271B85D900249530;
			remoteInfo = Data;
		};
		CD65A3E1271B861200249530 /* PBXContainerItemProxy */ = {
			isa = PBXContainerItemProxy;
			containerPortal = CD65A36B271B6FDF00249530 /* Project object */;
			proxyType = 1;
			remoteGlobalIDString = CD65A398271B77CA00249530;
			remoteInfo = Domain;
		};
/* End PBXContainerItemProxy section */

/* Begin PBXCopyFilesBuildPhase section */
		CD027036271FB8F500F1AD64 /* Embed Frameworks */ = {
			isa = PBXCopyFilesBuildPhase;
			buildActionMask = 2147483647;
			dstPath = "";
			dstSubfolderSpec = 10;
			files = (
				CD027033271FB8F500F1AD64 /* Data.framework in Embed Frameworks */,
			);
			name = "Embed Frameworks";
			runOnlyForDeploymentPostprocessing = 0;
		};
		CD65A3E3271B861200249530 /* Embed Frameworks */ = {
			isa = PBXCopyFilesBuildPhase;
			buildActionMask = 2147483647;
			dstPath = "";
			dstSubfolderSpec = 10;
			files = (
				CD65A3E0271B861200249530 /* Domain.framework in Embed Frameworks */,
			);
			name = "Embed Frameworks";
			runOnlyForDeploymentPostprocessing = 0;
		};
/* End PBXCopyFilesBuildPhase section */

/* Begin PBXFileReference section */
		CD026F90271CF80600F1AD64 /* Date+Extensions.swift */ = {isa = PBXFileReference; lastKnownFileType = sourcecode.swift; path = "Date+Extensions.swift"; sourceTree = "<group>"; };
		CD026F99271CF86100F1AD64 /* MD5Generator.swift */ = {isa = PBXFileReference; lastKnownFileType = sourcecode.swift; path = MD5Generator.swift; sourceTree = "<group>"; };
		CD026FA8271CF8CC00F1AD64 /* EnumConstants.swift */ = {isa = PBXFileReference; lastKnownFileType = sourcecode.swift; path = EnumConstants.swift; sourceTree = "<group>"; };
		CD026FB0271CF8F100F1AD64 /* UrlCreatorEndpoint.swift */ = {isa = PBXFileReference; lastKnownFileType = sourcecode.swift; path = UrlCreatorEndpoint.swift; sourceTree = "<group>"; };
		CD026FE3271E5EBD00F1AD64 /* DomainError.swift */ = {isa = PBXFileReference; lastKnownFileType = sourcecode.swift; path = DomainError.swift; sourceTree = "<group>"; };
		CD026FEC271E69EF00F1AD64 /* HttpError.swift */ = {isa = PBXFileReference; lastKnownFileType = sourcecode.swift; path = HttpError.swift; sourceTree = "<group>"; };
		CD026FFA271FA23100F1AD64 /* Model.swift */ = {isa = PBXFileReference; lastKnownFileType = sourcecode.swift; path = Model.swift; sourceTree = "<group>"; };
		CD027004271FA30B00F1AD64 /* Data+Extension.swift */ = {isa = PBXFileReference; lastKnownFileType = sourcecode.swift; path = "Data+Extension.swift"; sourceTree = "<group>"; };
		CD027011271FB8E400F1AD64 /* Infra.framework */ = {isa = PBXFileReference; explicitFileType = wrapper.framework; includeInIndex = 0; path = Infra.framework; sourceTree = BUILT_PRODUCTS_DIR; };
		CD027014271FB8E400F1AD64 /* Info.plist */ = {isa = PBXFileReference; lastKnownFileType = text.plist.xml; path = Info.plist; sourceTree = "<group>"; };
		CD027019271FB8E400F1AD64 /* InfraTests.xctest */ = {isa = PBXFileReference; explicitFileType = wrapper.cfbundle; includeInIndex = 0; path = InfraTests.xctest; sourceTree = BUILT_PRODUCTS_DIR; };
		CD02701E271FB8E400F1AD64 /* AlamofireAdaptarTest.swift */ = {isa = PBXFileReference; lastKnownFileType = sourcecode.swift; path = AlamofireAdaptarTest.swift; sourceTree = "<group>"; };
		CD027020271FB8E400F1AD64 /* Info.plist */ = {isa = PBXFileReference; lastKnownFileType = text.plist.xml; path = Info.plist; sourceTree = "<group>"; };
		CD65A399271B77CA00249530 /* Domain.framework */ = {isa = PBXFileReference; explicitFileType = wrapper.framework; includeInIndex = 0; path = Domain.framework; sourceTree = BUILT_PRODUCTS_DIR; };
		CD65A39C271B77CA00249530 /* Info.plist */ = {isa = PBXFileReference; lastKnownFileType = text.plist.xml; path = Info.plist; sourceTree = "<group>"; };
		CD65A3A1271B77CA00249530 /* DomainTests.xctest */ = {isa = PBXFileReference; explicitFileType = wrapper.cfbundle; includeInIndex = 0; path = DomainTests.xctest; sourceTree = BUILT_PRODUCTS_DIR; };
		CD65A3A6271B77CA00249530 /* DomainTests.swift */ = {isa = PBXFileReference; lastKnownFileType = sourcecode.swift; path = DomainTests.swift; sourceTree = "<group>"; };
		CD65A3A8271B77CA00249530 /* Info.plist */ = {isa = PBXFileReference; lastKnownFileType = text.plist.xml; path = Info.plist; sourceTree = "<group>"; };
		CD65A3B2271B81A800249530 /* GetCharacters.swift */ = {isa = PBXFileReference; lastKnownFileType = sourcecode.swift; path = GetCharacters.swift; sourceTree = "<group>"; };
		CD65A3B6271B852000249530 /* CharacterModel.swift */ = {isa = PBXFileReference; lastKnownFileType = sourcecode.swift; path = CharacterModel.swift; sourceTree = "<group>"; };
		CD65A3BF271B85D900249530 /* Data.framework */ = {isa = PBXFileReference; explicitFileType = wrapper.framework; includeInIndex = 0; path = Data.framework; sourceTree = BUILT_PRODUCTS_DIR; };
		CD65A3C2271B85D900249530 /* Info.plist */ = {isa = PBXFileReference; lastKnownFileType = text.plist.xml; path = Info.plist; sourceTree = "<group>"; };
		CD65A3C7271B85D900249530 /* DataTests.xctest */ = {isa = PBXFileReference; explicitFileType = wrapper.cfbundle; includeInIndex = 0; path = DataTests.xctest; sourceTree = BUILT_PRODUCTS_DIR; };
		CD65A3CE271B85D900249530 /* Info.plist */ = {isa = PBXFileReference; lastKnownFileType = text.plist.xml; path = Info.plist; sourceTree = "<group>"; };
		CD65A3EA271B86C000249530 /* RemoteGetCharactersTests.swift */ = {isa = PBXFileReference; lastKnownFileType = sourcecode.swift; path = RemoteGetCharactersTests.swift; sourceTree = "<group>"; };
		CD65A3F2271B934900249530 /* RemoteGetCharacters.swift */ = {isa = PBXFileReference; lastKnownFileType = sourcecode.swift; path = RemoteGetCharacters.swift; sourceTree = "<group>"; };
		CD65A3F7271B936900249530 /* HttpGetRequest.swift */ = {isa = PBXFileReference; lastKnownFileType = sourcecode.swift; path = HttpGetRequest.swift; sourceTree = "<group>"; };
		CD65A40A271BC38C00249530 /* UrlCreatorTest.swift */ = {isa = PBXFileReference; lastKnownFileType = sourcecode.swift; path = UrlCreatorTest.swift; sourceTree = "<group>"; };
		CD65A40F271C75FC00249530 /* UrlCreator.swift */ = {isa = PBXFileReference; lastKnownFileType = sourcecode.swift; path = UrlCreator.swift; sourceTree = "<group>"; };
/* End PBXFileReference section */

/* Begin PBXFrameworksBuildPhase section */
		CD02700E271FB8E400F1AD64 /* Frameworks */ = {
			isa = PBXFrameworksBuildPhase;
			buildActionMask = 2147483647;
			files = (
				CD027032271FB8F500F1AD64 /* Data.framework in Frameworks */,
			);
			runOnlyForDeploymentPostprocessing = 0;
		};
		CD027016271FB8E400F1AD64 /* Frameworks */ = {
			isa = PBXFrameworksBuildPhase;
			buildActionMask = 2147483647;
			files = (
				CD02701A271FB8E400F1AD64 /* Infra.framework in Frameworks */,
			);
			runOnlyForDeploymentPostprocessing = 0;
		};
		CD65A396271B77CA00249530 /* Frameworks */ = {
			isa = PBXFrameworksBuildPhase;
			buildActionMask = 2147483647;
			files = (
			);
			runOnlyForDeploymentPostprocessing = 0;
		};
		CD65A39E271B77CA00249530 /* Frameworks */ = {
			isa = PBXFrameworksBuildPhase;
			buildActionMask = 2147483647;
			files = (
				CD65A3A2271B77CA00249530 /* Domain.framework in Frameworks */,
			);
			runOnlyForDeploymentPostprocessing = 0;
		};
		CD65A3BC271B85D900249530 /* Frameworks */ = {
			isa = PBXFrameworksBuildPhase;
			buildActionMask = 2147483647;
			files = (
				CD65A3DF271B861200249530 /* Domain.framework in Frameworks */,
			);
			runOnlyForDeploymentPostprocessing = 0;
		};
		CD65A3C4271B85D900249530 /* Frameworks */ = {
			isa = PBXFrameworksBuildPhase;
			buildActionMask = 2147483647;
			files = (
				CD65A3C8271B85D900249530 /* Data.framework in Frameworks */,
			);
			runOnlyForDeploymentPostprocessing = 0;
		};
/* End PBXFrameworksBuildPhase section */

/* Begin PBXGroup section */
		CD026F8D271CF7C000F1AD64 /* Helpers */ = {
			isa = PBXGroup;
			children = (
				CD026F8F271CF7EE00F1AD64 /* Extensions */,
			);
			path = Helpers;
			sourceTree = "<group>";
		};
		CD026F8E271CF7CF00F1AD64 /* UseCases */ = {
			isa = PBXGroup;
			children = (
				CD026FA7271CF8BB00F1AD64 /* Enums */,
				CD026FD1271CF9DC00F1AD64 /* Protocols */,
				CD65A3F2271B934900249530 /* RemoteGetCharacters.swift */,
				CD65A40F271C75FC00249530 /* UrlCreator.swift */,
			);
			path = UseCases;
			sourceTree = "<group>";
		};
		CD026F8F271CF7EE00F1AD64 /* Extensions */ = {
			isa = PBXGroup;
			children = (
				CD026F90271CF80600F1AD64 /* Date+Extensions.swift */,
			);
			path = Extensions;
			sourceTree = "<group>";
		};
		CD026FA7271CF8BB00F1AD64 /* Enums */ = {
			isa = PBXGroup;
			children = (
				CD026FA8271CF8CC00F1AD64 /* EnumConstants.swift */,
				CD026FB0271CF8F100F1AD64 /* UrlCreatorEndpoint.swift */,
			);
			path = Enums;
			sourceTree = "<group>";
		};
		CD026FD1271CF9DC00F1AD64 /* Protocols */ = {
			isa = PBXGroup;
			children = (
				CD65A3F7271B936900249530 /* HttpGetRequest.swift */,
				CD026F99271CF86100F1AD64 /* MD5Generator.swift */,
			);
			path = Protocols;
			sourceTree = "<group>";
		};
		CD026FE2271E5E9B00F1AD64 /* Errors */ = {
			isa = PBXGroup;
			children = (
				CD026FE3271E5EBD00F1AD64 /* DomainError.swift */,
			);
			path = Errors;
			sourceTree = "<group>";
		};
		CD026FEB271E69D900F1AD64 /* Http */ = {
			isa = PBXGroup;
			children = (
				CD026FEC271E69EF00F1AD64 /* HttpError.swift */,
			);
			path = Http;
			sourceTree = "<group>";
		};
		CD026FF8271FA20500F1AD64 /* Models */ = {
			isa = PBXGroup;
			children = (
				CD65A3B6271B852000249530 /* CharacterModel.swift */,
				CD026FFA271FA23100F1AD64 /* Model.swift */,
			);
			path = Models;
			sourceTree = "<group>";
		};
		CD026FF9271FA21000F1AD64 /* Protocols */ = {
			isa = PBXGroup;
			children = (
				CD65A3B2271B81A800249530 /* GetCharacters.swift */,
			);
			path = Protocols;
			sourceTree = "<group>";
		};
		CD027002271FA2EC00F1AD64 /* Helpers */ = {
			isa = PBXGroup;
			children = (
				CD027003271FA2F600F1AD64 /* Extensions */,
			);
			path = Helpers;
			sourceTree = "<group>";
		};
		CD027003271FA2F600F1AD64 /* Extensions */ = {
			isa = PBXGroup;
			children = (
				CD027004271FA30B00F1AD64 /* Data+Extension.swift */,
			);
			path = Extensions;
			sourceTree = "<group>";
		};
		CD027012271FB8E400F1AD64 /* Infra */ = {
			isa = PBXGroup;
			children = (
				CD027014271FB8E400F1AD64 /* Info.plist */,
			);
			path = Infra;
			sourceTree = "<group>";
		};
		CD02701D271FB8E400F1AD64 /* InfraTests */ = {
			isa = PBXGroup;
			children = (
				CD02701E271FB8E400F1AD64 /* AlamofireAdaptarTest.swift */,
				CD027020271FB8E400F1AD64 /* Info.plist */,
			);
			path = InfraTests;
			sourceTree = "<group>";
		};
		CD65A36A271B6FDF00249530 = {
			isa = PBXGroup;
			children = (
				CD65A39A271B77CA00249530 /* Domain */,
				CD65A3A5271B77CA00249530 /* DomainTests */,
				CD65A3C0271B85D900249530 /* Data */,
				CD65A3CB271B85D900249530 /* DataTests */,
				CD027012271FB8E400F1AD64 /* Infra */,
				CD02701D271FB8E400F1AD64 /* InfraTests */,
				CD65A375271B6FDF00249530 /* Products */,
				CD65A3DE271B861200249530 /* Frameworks */,
			);
			sourceTree = "<group>";
		};
		CD65A375271B6FDF00249530 /* Products */ = {
			isa = PBXGroup;
			children = (
				CD65A399271B77CA00249530 /* Domain.framework */,
				CD65A3A1271B77CA00249530 /* DomainTests.xctest */,
				CD65A3BF271B85D900249530 /* Data.framework */,
				CD65A3C7271B85D900249530 /* DataTests.xctest */,
				CD027011271FB8E400F1AD64 /* Infra.framework */,
				CD027019271FB8E400F1AD64 /* InfraTests.xctest */,
			);
			name = Products;
			sourceTree = "<group>";
		};
		CD65A39A271B77CA00249530 /* Domain */ = {
			isa = PBXGroup;
			children = (
				CD027002271FA2EC00F1AD64 /* Helpers */,
				CD026FF9271FA21000F1AD64 /* Protocols */,
				CD026FF8271FA20500F1AD64 /* Models */,
				CD026FE2271E5E9B00F1AD64 /* Errors */,
				CD65A39C271B77CA00249530 /* Info.plist */,
			);
			path = Domain;
			sourceTree = "<group>";
		};
		CD65A3A5271B77CA00249530 /* DomainTests */ = {
			isa = PBXGroup;
			children = (
				CD65A3A6271B77CA00249530 /* DomainTests.swift */,
				CD65A3A8271B77CA00249530 /* Info.plist */,
			);
			path = DomainTests;
			sourceTree = "<group>";
		};
		CD65A3C0271B85D900249530 /* Data */ = {
			isa = PBXGroup;
			children = (
				CD026FEB271E69D900F1AD64 /* Http */,
				CD026F8E271CF7CF00F1AD64 /* UseCases */,
				CD026F8D271CF7C000F1AD64 /* Helpers */,
				CD65A3C2271B85D900249530 /* Info.plist */,
			);
			path = Data;
			sourceTree = "<group>";
		};
		CD65A3CB271B85D900249530 /* DataTests */ = {
			isa = PBXGroup;
			children = (
				CD65A3CE271B85D900249530 /* Info.plist */,
				CD65A3EA271B86C000249530 /* RemoteGetCharactersTests.swift */,
				CD65A40A271BC38C00249530 /* UrlCreatorTest.swift */,
			);
			path = DataTests;
			sourceTree = "<group>";
		};
		CD65A3DE271B861200249530 /* Frameworks */ = {
			isa = PBXGroup;
			children = (
			);
			name = Frameworks;
			sourceTree = "<group>";
		};
/* End PBXGroup section */

/* Begin PBXHeadersBuildPhase section */
		CD02700C271FB8E400F1AD64 /* Headers */ = {
			isa = PBXHeadersBuildPhase;
			buildActionMask = 2147483647;
			files = (
			);
			runOnlyForDeploymentPostprocessing = 0;
		};
		CD65A394271B77CA00249530 /* Headers */ = {
			isa = PBXHeadersBuildPhase;
			buildActionMask = 2147483647;
			files = (
			);
			runOnlyForDeploymentPostprocessing = 0;
		};
		CD65A3BA271B85D900249530 /* Headers */ = {
			isa = PBXHeadersBuildPhase;
			buildActionMask = 2147483647;
			files = (
			);
			runOnlyForDeploymentPostprocessing = 0;
		};
/* End PBXHeadersBuildPhase section */

/* Begin PBXNativeTarget section */
		CD027010271FB8E400F1AD64 /* Infra */ = {
			isa = PBXNativeTarget;
			buildConfigurationList = CD027022271FB8E400F1AD64 /* Build configuration list for PBXNativeTarget "Infra" */;
			buildPhases = (
				CD02700C271FB8E400F1AD64 /* Headers */,
				CD02700D271FB8E400F1AD64 /* Sources */,
				CD02700E271FB8E400F1AD64 /* Frameworks */,
				CD02700F271FB8E400F1AD64 /* Resources */,
				CD027036271FB8F500F1AD64 /* Embed Frameworks */,
			);
			buildRules = (
			);
			dependencies = (
				CD027035271FB8F500F1AD64 /* PBXTargetDependency */,
			);
			name = Infra;
			productName = Infra;
			productReference = CD027011271FB8E400F1AD64 /* Infra.framework */;
			productType = "com.apple.product-type.framework";
		};
		CD027018271FB8E400F1AD64 /* InfraTests */ = {
			isa = PBXNativeTarget;
			buildConfigurationList = CD027025271FB8E400F1AD64 /* Build configuration list for PBXNativeTarget "InfraTests" */;
			buildPhases = (
				CD027015271FB8E400F1AD64 /* Sources */,
				CD027016271FB8E400F1AD64 /* Frameworks */,
				CD027017271FB8E400F1AD64 /* Resources */,
			);
			buildRules = (
			);
			dependencies = (
				CD02701C271FB8E400F1AD64 /* PBXTargetDependency */,
			);
			name = InfraTests;
			productName = InfraTests;
			productReference = CD027019271FB8E400F1AD64 /* InfraTests.xctest */;
			productType = "com.apple.product-type.bundle.unit-test";
		};
		CD65A398271B77CA00249530 /* Domain */ = {
			isa = PBXNativeTarget;
			buildConfigurationList = CD65A3AA271B77CA00249530 /* Build configuration list for PBXNativeTarget "Domain" */;
			buildPhases = (
				CD65A394271B77CA00249530 /* Headers */,
				CD65A395271B77CA00249530 /* Sources */,
				CD65A396271B77CA00249530 /* Frameworks */,
				CD65A397271B77CA00249530 /* Resources */,
			);
			buildRules = (
			);
			dependencies = (
			);
			name = Domain;
			productName = Domain;
			productReference = CD65A399271B77CA00249530 /* Domain.framework */;
			productType = "com.apple.product-type.framework";
		};
		CD65A3A0271B77CA00249530 /* DomainTests */ = {
			isa = PBXNativeTarget;
			buildConfigurationList = CD65A3AD271B77CA00249530 /* Build configuration list for PBXNativeTarget "DomainTests" */;
			buildPhases = (
				CD65A39D271B77CA00249530 /* Sources */,
				CD65A39E271B77CA00249530 /* Frameworks */,
				CD65A39F271B77CA00249530 /* Resources */,
			);
			buildRules = (
			);
			dependencies = (
				CD65A3A4271B77CA00249530 /* PBXTargetDependency */,
			);
			name = DomainTests;
			productName = DomainTests;
			productReference = CD65A3A1271B77CA00249530 /* DomainTests.xctest */;
			productType = "com.apple.product-type.bundle.unit-test";
		};
		CD65A3BE271B85D900249530 /* Data */ = {
			isa = PBXNativeTarget;
			buildConfigurationList = CD65A3D0271B85D900249530 /* Build configuration list for PBXNativeTarget "Data" */;
			buildPhases = (
				CD65A3BA271B85D900249530 /* Headers */,
				CD65A3BB271B85D900249530 /* Sources */,
				CD65A3BC271B85D900249530 /* Frameworks */,
				CD65A3BD271B85D900249530 /* Resources */,
				CD65A3E3271B861200249530 /* Embed Frameworks */,
			);
			buildRules = (
			);
			dependencies = (
				CD65A3E2271B861200249530 /* PBXTargetDependency */,
			);
			name = Data;
			productName = Data;
			productReference = CD65A3BF271B85D900249530 /* Data.framework */;
			productType = "com.apple.product-type.framework";
		};
		CD65A3C6271B85D900249530 /* DataTests */ = {
			isa = PBXNativeTarget;
			buildConfigurationList = CD65A3D3271B85D900249530 /* Build configuration list for PBXNativeTarget "DataTests" */;
			buildPhases = (
				CD65A3C3271B85D900249530 /* Sources */,
				CD65A3C4271B85D900249530 /* Frameworks */,
				CD65A3C5271B85D900249530 /* Resources */,
			);
			buildRules = (
			);
			dependencies = (
				CD65A3CA271B85D900249530 /* PBXTargetDependency */,
			);
			name = DataTests;
			productName = DataTests;
			productReference = CD65A3C7271B85D900249530 /* DataTests.xctest */;
			productType = "com.apple.product-type.bundle.unit-test";
		};
/* End PBXNativeTarget section */

/* Begin PBXProject section */
		CD65A36B271B6FDF00249530 /* Project object */ = {
			isa = PBXProject;
			attributes = {
				LastSwiftUpdateCheck = 1220;
				LastUpgradeCheck = 1220;
				TargetAttributes = {
					CD027010271FB8E400F1AD64 = {
						CreatedOnToolsVersion = 12.2;
					};
					CD027018271FB8E400F1AD64 = {
						CreatedOnToolsVersion = 12.2;
					};
					CD65A398271B77CA00249530 = {
						CreatedOnToolsVersion = 12.2;
						LastSwiftMigration = 1220;
					};
					CD65A3A0271B77CA00249530 = {
						CreatedOnToolsVersion = 12.2;
					};
					CD65A3BE271B85D900249530 = {
						CreatedOnToolsVersion = 12.2;
						LastSwiftMigration = 1220;
					};
					CD65A3C6271B85D900249530 = {
						CreatedOnToolsVersion = 12.2;
						LastSwiftMigration = 1220;
					};
				};
			};
			buildConfigurationList = CD65A36E271B6FDF00249530 /* Build configuration list for PBXProject "clear-marvel" */;
			compatibilityVersion = "Xcode 9.3";
			developmentRegion = en;
			hasScannedForEncodings = 0;
			knownRegions = (
				en,
				Base,
			);
			mainGroup = CD65A36A271B6FDF00249530;
			productRefGroup = CD65A375271B6FDF00249530 /* Products */;
			projectDirPath = "";
			projectRoot = "";
			targets = (
				CD65A398271B77CA00249530 /* Domain */,
				CD65A3A0271B77CA00249530 /* DomainTests */,
				CD65A3BE271B85D900249530 /* Data */,
				CD65A3C6271B85D900249530 /* DataTests */,
				CD027010271FB8E400F1AD64 /* Infra */,
				CD027018271FB8E400F1AD64 /* InfraTests */,
			);
		};
/* End PBXProject section */

/* Begin PBXResourcesBuildPhase section */
		CD02700F271FB8E400F1AD64 /* Resources */ = {
			isa = PBXResourcesBuildPhase;
			buildActionMask = 2147483647;
			files = (
			);
			runOnlyForDeploymentPostprocessing = 0;
		};
		CD027017271FB8E400F1AD64 /* Resources */ = {
			isa = PBXResourcesBuildPhase;
			buildActionMask = 2147483647;
			files = (
			);
			runOnlyForDeploymentPostprocessing = 0;
		};
		CD65A397271B77CA00249530 /* Resources */ = {
			isa = PBXResourcesBuildPhase;
			buildActionMask = 2147483647;
			files = (
			);
			runOnlyForDeploymentPostprocessing = 0;
		};
		CD65A39F271B77CA00249530 /* Resources */ = {
			isa = PBXResourcesBuildPhase;
			buildActionMask = 2147483647;
			files = (
			);
			runOnlyForDeploymentPostprocessing = 0;
		};
		CD65A3BD271B85D900249530 /* Resources */ = {
			isa = PBXResourcesBuildPhase;
			buildActionMask = 2147483647;
			files = (
			);
			runOnlyForDeploymentPostprocessing = 0;
		};
		CD65A3C5271B85D900249530 /* Resources */ = {
			isa = PBXResourcesBuildPhase;
			buildActionMask = 2147483647;
			files = (
			);
			runOnlyForDeploymentPostprocessing = 0;
		};
/* End PBXResourcesBuildPhase section */

/* Begin PBXSourcesBuildPhase section */
		CD02700D271FB8E400F1AD64 /* Sources */ = {
			isa = PBXSourcesBuildPhase;
			buildActionMask = 2147483647;
			files = (
			);
			runOnlyForDeploymentPostprocessing = 0;
		};
		CD027015271FB8E400F1AD64 /* Sources */ = {
			isa = PBXSourcesBuildPhase;
			buildActionMask = 2147483647;
			files = (
				CD02701F271FB8E400F1AD64 /* AlamofireAdaptarTest.swift in Sources */,
			);
			runOnlyForDeploymentPostprocessing = 0;
		};
		CD65A395271B77CA00249530 /* Sources */ = {
			isa = PBXSourcesBuildPhase;
			buildActionMask = 2147483647;
			files = (
				CD65A3B3271B81A800249530 /* GetCharacters.swift in Sources */,
				CD026FE4271E5EBD00F1AD64 /* DomainError.swift in Sources */,
				CD027005271FA30B00F1AD64 /* Data+Extension.swift in Sources */,
				CD65A3B7271B852000249530 /* CharacterModel.swift in Sources */,
				CD026FFB271FA23100F1AD64 /* Model.swift in Sources */,
			);
			runOnlyForDeploymentPostprocessing = 0;
		};
		CD65A39D271B77CA00249530 /* Sources */ = {
			isa = PBXSourcesBuildPhase;
			buildActionMask = 2147483647;
			files = (
				CD65A3A7271B77CA00249530 /* DomainTests.swift in Sources */,
			);
			runOnlyForDeploymentPostprocessing = 0;
		};
		CD65A3BB271B85D900249530 /* Sources */ = {
			isa = PBXSourcesBuildPhase;
			buildActionMask = 2147483647;
			files = (
				CD026FA9271CF8CC00F1AD64 /* EnumConstants.swift in Sources */,
				CD026FB1271CF8F100F1AD64 /* UrlCreatorEndpoint.swift in Sources */,
				CD65A3F8271B936900249530 /* HttpGetRequest.swift in Sources */,
				CD026F91271CF80600F1AD64 /* Date+Extensions.swift in Sources */,
				CD026FED271E69EF00F1AD64 /* HttpError.swift in Sources */,
				CD65A3F3271B934900249530 /* RemoteGetCharacters.swift in Sources */,
				CD026F9A271CF86100F1AD64 /* MD5Generator.swift in Sources */,
				CD65A410271C75FC00249530 /* UrlCreator.swift in Sources */,
			);
			runOnlyForDeploymentPostprocessing = 0;
		};
		CD65A3C3271B85D900249530 /* Sources */ = {
			isa = PBXSourcesBuildPhase;
			buildActionMask = 2147483647;
			files = (
				CD026FDD271CFA2700F1AD64 /* HttpGetRequest.swift in Sources */,
				CD026FF4271E6A2A00F1AD64 /* HttpError.swift in Sources */,
				CD026FBD271CF97B00F1AD64 /* UrlCreatorEndpoint.swift in Sources */,
				CD026FDE271CFA2700F1AD64 /* MD5Generator.swift in Sources */,
				CD65A40B271BC38C00249530 /* UrlCreatorTest.swift in Sources */,
				CD026FD9271CFA1D00F1AD64 /* UrlCreator.swift in Sources */,
				CD65A3EB271B86C000249530 /* RemoteGetCharactersTests.swift in Sources */,
				CD026FC1271CF99200F1AD64 /* Date+Extensions.swift in Sources */,
				CD026FD5271CFA1A00F1AD64 /* RemoteGetCharacters.swift in Sources */,
			);
			runOnlyForDeploymentPostprocessing = 0;
		};
/* End PBXSourcesBuildPhase section */

/* Begin PBXTargetDependency section */
		CD02701C271FB8E400F1AD64 /* PBXTargetDependency */ = {
			isa = PBXTargetDependency;
			target = CD027010271FB8E400F1AD64 /* Infra */;
			targetProxy = CD02701B271FB8E400F1AD64 /* PBXContainerItemProxy */;
		};
		CD027035271FB8F500F1AD64 /* PBXTargetDependency */ = {
			isa = PBXTargetDependency;
			target = CD65A3BE271B85D900249530 /* Data */;
			targetProxy = CD027034271FB8F500F1AD64 /* PBXContainerItemProxy */;
		};
		CD65A3A4271B77CA00249530 /* PBXTargetDependency */ = {
			isa = PBXTargetDependency;
			target = CD65A398271B77CA00249530 /* Domain */;
			targetProxy = CD65A3A3271B77CA00249530 /* PBXContainerItemProxy */;
		};
		CD65A3CA271B85D900249530 /* PBXTargetDependency */ = {
			isa = PBXTargetDependency;
			target = CD65A3BE271B85D900249530 /* Data */;
			targetProxy = CD65A3C9271B85D900249530 /* PBXContainerItemProxy */;
		};
		CD65A3E2271B861200249530 /* PBXTargetDependency */ = {
			isa = PBXTargetDependency;
			target = CD65A398271B77CA00249530 /* Domain */;
			targetProxy = CD65A3E1271B861200249530 /* PBXContainerItemProxy */;
		};
/* End PBXTargetDependency section */

/* Begin XCBuildConfiguration section */
		CD027023271FB8E400F1AD64 /* Debug */ = {
			isa = XCBuildConfiguration;
			buildSettings = {
				CODE_SIGN_STYLE = Automatic;
				COMBINE_HIDPI_IMAGES = YES;
				DEFINES_MODULE = YES;
				DEVELOPMENT_TEAM = L682628XMT;
				DYLIB_COMPATIBILITY_VERSION = 1;
				DYLIB_CURRENT_VERSION = 1;
				DYLIB_INSTALL_NAME_BASE = "@rpath";
				INFOPLIST_FILE = Infra/Info.plist;
				INSTALL_PATH = "$(LOCAL_LIBRARY_DIR)/Frameworks";
				LD_RUNPATH_SEARCH_PATHS = (
					"$(inherited)",
					"@executable_path/../Frameworks",
					"@loader_path/Frameworks",
				);
				PRODUCT_BUNDLE_IDENTIFIER = dev.marcosbarbosa.Infra;
				PRODUCT_NAME = "$(TARGET_NAME:c99extidentifier)";
				SKIP_INSTALL = YES;
				SWIFT_VERSION = 5.0;
			};
			name = Debug;
		};
		CD027024271FB8E400F1AD64 /* Release */ = {
			isa = XCBuildConfiguration;
			buildSettings = {
				CODE_SIGN_STYLE = Automatic;
				COMBINE_HIDPI_IMAGES = YES;
				DEFINES_MODULE = YES;
				DEVELOPMENT_TEAM = L682628XMT;
				DYLIB_COMPATIBILITY_VERSION = 1;
				DYLIB_CURRENT_VERSION = 1;
				DYLIB_INSTALL_NAME_BASE = "@rpath";
				INFOPLIST_FILE = Infra/Info.plist;
				INSTALL_PATH = "$(LOCAL_LIBRARY_DIR)/Frameworks";
				LD_RUNPATH_SEARCH_PATHS = (
					"$(inherited)",
					"@executable_path/../Frameworks",
					"@loader_path/Frameworks",
				);
				PRODUCT_BUNDLE_IDENTIFIER = dev.marcosbarbosa.Infra;
				PRODUCT_NAME = "$(TARGET_NAME:c99extidentifier)";
				SKIP_INSTALL = YES;
				SWIFT_VERSION = 5.0;
			};
			name = Release;
		};
		CD027026271FB8E400F1AD64 /* Debug */ = {
			isa = XCBuildConfiguration;
			buildSettings = {
				CODE_SIGN_STYLE = Automatic;
				COMBINE_HIDPI_IMAGES = YES;
				DEVELOPMENT_TEAM = L682628XMT;
				INFOPLIST_FILE = InfraTests/Info.plist;
				LD_RUNPATH_SEARCH_PATHS = (
					"$(inherited)",
					"@executable_path/../Frameworks",
					"@loader_path/../Frameworks",
				);
				PRODUCT_BUNDLE_IDENTIFIER = dev.marcosbarbosa.InfraTests;
				PRODUCT_NAME = "$(TARGET_NAME)";
				SWIFT_VERSION = 5.0;
			};
			name = Debug;
		};
		CD027027271FB8E400F1AD64 /* Release */ = {
			isa = XCBuildConfiguration;
			buildSettings = {
				CODE_SIGN_STYLE = Automatic;
				COMBINE_HIDPI_IMAGES = YES;
				DEVELOPMENT_TEAM = L682628XMT;
				INFOPLIST_FILE = InfraTests/Info.plist;
				LD_RUNPATH_SEARCH_PATHS = (
					"$(inherited)",
					"@executable_path/../Frameworks",
					"@loader_path/../Frameworks",
				);
				PRODUCT_BUNDLE_IDENTIFIER = dev.marcosbarbosa.InfraTests;
				PRODUCT_NAME = "$(TARGET_NAME)";
				SWIFT_VERSION = 5.0;
			};
			name = Release;
		};
		CD65A386271B6FDF00249530 /* Debug */ = {
			isa = XCBuildConfiguration;
			buildSettings = {
				ALWAYS_SEARCH_USER_PATHS = NO;
				CLANG_ANALYZER_NONNULL = YES;
				CLANG_ANALYZER_NUMBER_OBJECT_CONVERSION = YES_AGGRESSIVE;
				CLANG_CXX_LANGUAGE_STANDARD = "gnu++14";
				CLANG_CXX_LIBRARY = "libc++";
				CLANG_ENABLE_MODULES = YES;
				CLANG_ENABLE_OBJC_ARC = YES;
				CLANG_ENABLE_OBJC_WEAK = YES;
				CLANG_WARN_BLOCK_CAPTURE_AUTORELEASING = YES;
				CLANG_WARN_BOOL_CONVERSION = YES;
				CLANG_WARN_COMMA = YES;
				CLANG_WARN_CONSTANT_CONVERSION = YES;
				CLANG_WARN_DEPRECATED_OBJC_IMPLEMENTATIONS = YES;
				CLANG_WARN_DIRECT_OBJC_ISA_USAGE = YES_ERROR;
				CLANG_WARN_DOCUMENTATION_COMMENTS = YES;
				CLANG_WARN_EMPTY_BODY = YES;
				CLANG_WARN_ENUM_CONVERSION = YES;
				CLANG_WARN_INFINITE_RECURSION = YES;
				CLANG_WARN_INT_CONVERSION = YES;
				CLANG_WARN_NON_LITERAL_NULL_CONVERSION = YES;
				CLANG_WARN_OBJC_IMPLICIT_RETAIN_SELF = YES;
				CLANG_WARN_OBJC_LITERAL_CONVERSION = YES;
				CLANG_WARN_OBJC_ROOT_CLASS = YES_ERROR;
				CLANG_WARN_QUOTED_INCLUDE_IN_FRAMEWORK_HEADER = YES;
				CLANG_WARN_RANGE_LOOP_ANALYSIS = YES;
				CLANG_WARN_STRICT_PROTOTYPES = YES;
				CLANG_WARN_SUSPICIOUS_MOVE = YES;
				CLANG_WARN_UNGUARDED_AVAILABILITY = YES_AGGRESSIVE;
				CLANG_WARN_UNREACHABLE_CODE = YES;
				CLANG_WARN__DUPLICATE_METHOD_MATCH = YES;
				COPY_PHASE_STRIP = NO;
				CURRENT_PROJECT_VERSION = 1;
				DEBUG_INFORMATION_FORMAT = dwarf;
				ENABLE_STRICT_OBJC_MSGSEND = YES;
				ENABLE_TESTABILITY = YES;
				GCC_C_LANGUAGE_STANDARD = gnu11;
				GCC_DYNAMIC_NO_PIC = NO;
				GCC_NO_COMMON_BLOCKS = YES;
				GCC_OPTIMIZATION_LEVEL = 0;
				GCC_PREPROCESSOR_DEFINITIONS = (
					"DEBUG=1",
					"$(inherited)",
				);
				GCC_WARN_64_TO_32_BIT_CONVERSION = YES;
				GCC_WARN_ABOUT_RETURN_TYPE = YES_ERROR;
				GCC_WARN_UNDECLARED_SELECTOR = YES;
				GCC_WARN_UNINITIALIZED_AUTOS = YES_AGGRESSIVE;
				GCC_WARN_UNUSED_FUNCTION = YES;
				GCC_WARN_UNUSED_VARIABLE = YES;
				MACOSX_DEPLOYMENT_TARGET = 11.0;
				MTL_ENABLE_DEBUG_INFO = INCLUDE_SOURCE;
				MTL_FAST_MATH = YES;
				ONLY_ACTIVE_ARCH = YES;
				SDKROOT = macosx;
				SWIFT_ACTIVE_COMPILATION_CONDITIONS = DEBUG;
				SWIFT_OPTIMIZATION_LEVEL = "-Onone";
				VERSIONING_SYSTEM = "apple-generic";
				VERSION_INFO_PREFIX = "";
			};
			name = Debug;
		};
		CD65A387271B6FDF00249530 /* Release */ = {
			isa = XCBuildConfiguration;
			buildSettings = {
				ALWAYS_SEARCH_USER_PATHS = NO;
				CLANG_ANALYZER_NONNULL = YES;
				CLANG_ANALYZER_NUMBER_OBJECT_CONVERSION = YES_AGGRESSIVE;
				CLANG_CXX_LANGUAGE_STANDARD = "gnu++14";
				CLANG_CXX_LIBRARY = "libc++";
				CLANG_ENABLE_MODULES = YES;
				CLANG_ENABLE_OBJC_ARC = YES;
				CLANG_ENABLE_OBJC_WEAK = YES;
				CLANG_WARN_BLOCK_CAPTURE_AUTORELEASING = YES;
				CLANG_WARN_BOOL_CONVERSION = YES;
				CLANG_WARN_COMMA = YES;
				CLANG_WARN_CONSTANT_CONVERSION = YES;
				CLANG_WARN_DEPRECATED_OBJC_IMPLEMENTATIONS = YES;
				CLANG_WARN_DIRECT_OBJC_ISA_USAGE = YES_ERROR;
				CLANG_WARN_DOCUMENTATION_COMMENTS = YES;
				CLANG_WARN_EMPTY_BODY = YES;
				CLANG_WARN_ENUM_CONVERSION = YES;
				CLANG_WARN_INFINITE_RECURSION = YES;
				CLANG_WARN_INT_CONVERSION = YES;
				CLANG_WARN_NON_LITERAL_NULL_CONVERSION = YES;
				CLANG_WARN_OBJC_IMPLICIT_RETAIN_SELF = YES;
				CLANG_WARN_OBJC_LITERAL_CONVERSION = YES;
				CLANG_WARN_OBJC_ROOT_CLASS = YES_ERROR;
				CLANG_WARN_QUOTED_INCLUDE_IN_FRAMEWORK_HEADER = YES;
				CLANG_WARN_RANGE_LOOP_ANALYSIS = YES;
				CLANG_WARN_STRICT_PROTOTYPES = YES;
				CLANG_WARN_SUSPICIOUS_MOVE = YES;
				CLANG_WARN_UNGUARDED_AVAILABILITY = YES_AGGRESSIVE;
				CLANG_WARN_UNREACHABLE_CODE = YES;
				CLANG_WARN__DUPLICATE_METHOD_MATCH = YES;
				COPY_PHASE_STRIP = NO;
				CURRENT_PROJECT_VERSION = 1;
				DEBUG_INFORMATION_FORMAT = "dwarf-with-dsym";
				ENABLE_NS_ASSERTIONS = NO;
				ENABLE_STRICT_OBJC_MSGSEND = YES;
				GCC_C_LANGUAGE_STANDARD = gnu11;
				GCC_NO_COMMON_BLOCKS = YES;
				GCC_WARN_64_TO_32_BIT_CONVERSION = YES;
				GCC_WARN_ABOUT_RETURN_TYPE = YES_ERROR;
				GCC_WARN_UNDECLARED_SELECTOR = YES;
				GCC_WARN_UNINITIALIZED_AUTOS = YES_AGGRESSIVE;
				GCC_WARN_UNUSED_FUNCTION = YES;
				GCC_WARN_UNUSED_VARIABLE = YES;
				MACOSX_DEPLOYMENT_TARGET = 11.0;
				MTL_ENABLE_DEBUG_INFO = NO;
				MTL_FAST_MATH = YES;
				SDKROOT = macosx;
				SWIFT_COMPILATION_MODE = wholemodule;
				SWIFT_OPTIMIZATION_LEVEL = "-O";
				VERSIONING_SYSTEM = "apple-generic";
				VERSION_INFO_PREFIX = "";
			};
			name = Release;
		};
		CD65A3AB271B77CA00249530 /* Debug */ = {
			isa = XCBuildConfiguration;
			buildSettings = {
				CLANG_ENABLE_MODULES = YES;
				CODE_SIGN_STYLE = Automatic;
				COMBINE_HIDPI_IMAGES = YES;
				DEFINES_MODULE = YES;
				DEVELOPMENT_TEAM = L682628XMT;
				DYLIB_COMPATIBILITY_VERSION = 1;
				DYLIB_CURRENT_VERSION = 1;
				DYLIB_INSTALL_NAME_BASE = "@rpath";
				INFOPLIST_FILE = Domain/Info.plist;
				INSTALL_PATH = "$(LOCAL_LIBRARY_DIR)/Frameworks";
				LD_RUNPATH_SEARCH_PATHS = (
					"$(inherited)",
					"@executable_path/../Frameworks",
					"@loader_path/Frameworks",
				);
				PRODUCT_BUNDLE_IDENTIFIER = dev.marcosbarbosa.Domain;
				PRODUCT_NAME = "$(TARGET_NAME:c99extidentifier)";
				SKIP_INSTALL = YES;
				SWIFT_OPTIMIZATION_LEVEL = "-Onone";
				SWIFT_VERSION = 5.0;
			};
			name = Debug;
		};
		CD65A3AC271B77CA00249530 /* Release */ = {
			isa = XCBuildConfiguration;
			buildSettings = {
				CLANG_ENABLE_MODULES = YES;
				CODE_SIGN_STYLE = Automatic;
				COMBINE_HIDPI_IMAGES = YES;
				DEFINES_MODULE = YES;
				DEVELOPMENT_TEAM = L682628XMT;
				DYLIB_COMPATIBILITY_VERSION = 1;
				DYLIB_CURRENT_VERSION = 1;
				DYLIB_INSTALL_NAME_BASE = "@rpath";
				INFOPLIST_FILE = Domain/Info.plist;
				INSTALL_PATH = "$(LOCAL_LIBRARY_DIR)/Frameworks";
				LD_RUNPATH_SEARCH_PATHS = (
					"$(inherited)",
					"@executable_path/../Frameworks",
					"@loader_path/Frameworks",
				);
				PRODUCT_BUNDLE_IDENTIFIER = dev.marcosbarbosa.Domain;
				PRODUCT_NAME = "$(TARGET_NAME:c99extidentifier)";
				SKIP_INSTALL = YES;
				SWIFT_VERSION = 5.0;
			};
			name = Release;
		};
		CD65A3AE271B77CA00249530 /* Debug */ = {
			isa = XCBuildConfiguration;
			buildSettings = {
				ALWAYS_EMBED_SWIFT_STANDARD_LIBRARIES = YES;
				CODE_SIGN_STYLE = Automatic;
				COMBINE_HIDPI_IMAGES = YES;
				DEVELOPMENT_TEAM = L682628XMT;
				INFOPLIST_FILE = DomainTests/Info.plist;
				LD_RUNPATH_SEARCH_PATHS = (
					"$(inherited)",
					"@executable_path/../Frameworks",
					"@loader_path/../Frameworks",
				);
				PRODUCT_BUNDLE_IDENTIFIER = dev.marcosbarbosa.DomainTests;
				PRODUCT_NAME = "$(TARGET_NAME)";
				SWIFT_VERSION = 5.0;
			};
			name = Debug;
		};
		CD65A3AF271B77CA00249530 /* Release */ = {
			isa = XCBuildConfiguration;
			buildSettings = {
				ALWAYS_EMBED_SWIFT_STANDARD_LIBRARIES = YES;
				CODE_SIGN_STYLE = Automatic;
				COMBINE_HIDPI_IMAGES = YES;
				DEVELOPMENT_TEAM = L682628XMT;
				INFOPLIST_FILE = DomainTests/Info.plist;
				LD_RUNPATH_SEARCH_PATHS = (
					"$(inherited)",
					"@executable_path/../Frameworks",
					"@loader_path/../Frameworks",
				);
				PRODUCT_BUNDLE_IDENTIFIER = dev.marcosbarbosa.DomainTests;
				PRODUCT_NAME = "$(TARGET_NAME)";
				SWIFT_VERSION = 5.0;
			};
			name = Release;
		};
		CD65A3D1271B85D900249530 /* Debug */ = {
			isa = XCBuildConfiguration;
			buildSettings = {
				CLANG_ENABLE_MODULES = YES;
				CODE_SIGN_STYLE = Automatic;
				COMBINE_HIDPI_IMAGES = YES;
				DEFINES_MODULE = YES;
				DEVELOPMENT_TEAM = L682628XMT;
				DYLIB_COMPATIBILITY_VERSION = 1;
				DYLIB_CURRENT_VERSION = 1;
				DYLIB_INSTALL_NAME_BASE = "@rpath";
				INFOPLIST_FILE = Data/Info.plist;
				INSTALL_PATH = "$(LOCAL_LIBRARY_DIR)/Frameworks";
				LD_RUNPATH_SEARCH_PATHS = (
					"$(inherited)",
					"@executable_path/../Frameworks",
					"@loader_path/Frameworks",
				);
				PRODUCT_BUNDLE_IDENTIFIER = dev.marcosbarbosa.Data;
				PRODUCT_NAME = "$(TARGET_NAME:c99extidentifier)";
				SKIP_INSTALL = YES;
				SWIFT_OPTIMIZATION_LEVEL = "-Onone";
				SWIFT_VERSION = 5.0;
			};
			name = Debug;
		};
		CD65A3D2271B85D900249530 /* Release */ = {
			isa = XCBuildConfiguration;
			buildSettings = {
				CLANG_ENABLE_MODULES = YES;
				CODE_SIGN_STYLE = Automatic;
				COMBINE_HIDPI_IMAGES = YES;
				DEFINES_MODULE = YES;
				DEVELOPMENT_TEAM = L682628XMT;
				DYLIB_COMPATIBILITY_VERSION = 1;
				DYLIB_CURRENT_VERSION = 1;
				DYLIB_INSTALL_NAME_BASE = "@rpath";
				INFOPLIST_FILE = Data/Info.plist;
				INSTALL_PATH = "$(LOCAL_LIBRARY_DIR)/Frameworks";
				LD_RUNPATH_SEARCH_PATHS = (
					"$(inherited)",
					"@executable_path/../Frameworks",
					"@loader_path/Frameworks",
				);
				PRODUCT_BUNDLE_IDENTIFIER = dev.marcosbarbosa.Data;
				PRODUCT_NAME = "$(TARGET_NAME:c99extidentifier)";
				SKIP_INSTALL = YES;
				SWIFT_VERSION = 5.0;
			};
			name = Release;
		};
		CD65A3D4271B85D900249530 /* Debug */ = {
			isa = XCBuildConfiguration;
			buildSettings = {
				ALWAYS_EMBED_SWIFT_STANDARD_LIBRARIES = YES;
				CLANG_ENABLE_MODULES = YES;
				CODE_SIGN_STYLE = Automatic;
				COMBINE_HIDPI_IMAGES = YES;
				DEVELOPMENT_TEAM = L682628XMT;
				INFOPLIST_FILE = DataTests/Info.plist;
				LD_RUNPATH_SEARCH_PATHS = (
					"$(inherited)",
					"@executable_path/../Frameworks",
					"@loader_path/../Frameworks",
				);
				PRODUCT_BUNDLE_IDENTIFIER = dev.marcosbarbosa.DataTests;
				PRODUCT_NAME = "$(TARGET_NAME)";
				SWIFT_OPTIMIZATION_LEVEL = "-Onone";
				SWIFT_VERSION = 5.0;
			};
			name = Debug;
		};
		CD65A3D5271B85D900249530 /* Release */ = {
			isa = XCBuildConfiguration;
			buildSettings = {
				ALWAYS_EMBED_SWIFT_STANDARD_LIBRARIES = YES;
				CLANG_ENABLE_MODULES = YES;
				CODE_SIGN_STYLE = Automatic;
				COMBINE_HIDPI_IMAGES = YES;
				DEVELOPMENT_TEAM = L682628XMT;
				INFOPLIST_FILE = DataTests/Info.plist;
				LD_RUNPATH_SEARCH_PATHS = (
					"$(inherited)",
					"@executable_path/../Frameworks",
					"@loader_path/../Frameworks",
				);
				PRODUCT_BUNDLE_IDENTIFIER = dev.marcosbarbosa.DataTests;
				PRODUCT_NAME = "$(TARGET_NAME)";
				SWIFT_VERSION = 5.0;
			};
			name = Release;
		};
/* End XCBuildConfiguration section */

/* Begin XCConfigurationList section */
		CD027022271FB8E400F1AD64 /* Build configuration list for PBXNativeTarget "Infra" */ = {
			isa = XCConfigurationList;
			buildConfigurations = (
				CD027023271FB8E400F1AD64 /* Debug */,
				CD027024271FB8E400F1AD64 /* Release */,
			);
			defaultConfigurationIsVisible = 0;
			defaultConfigurationName = Release;
		};
		CD027025271FB8E400F1AD64 /* Build configuration list for PBXNativeTarget "InfraTests" */ = {
			isa = XCConfigurationList;
			buildConfigurations = (
				CD027026271FB8E400F1AD64 /* Debug */,
				CD027027271FB8E400F1AD64 /* Release */,
			);
			defaultConfigurationIsVisible = 0;
			defaultConfigurationName = Release;
		};
		CD65A36E271B6FDF00249530 /* Build configuration list for PBXProject "clear-marvel" */ = {
			isa = XCConfigurationList;
			buildConfigurations = (
				CD65A386271B6FDF00249530 /* Debug */,
				CD65A387271B6FDF00249530 /* Release */,
			);
			defaultConfigurationIsVisible = 0;
			defaultConfigurationName = Release;
		};
		CD65A3AA271B77CA00249530 /* Build configuration list for PBXNativeTarget "Domain" */ = {
			isa = XCConfigurationList;
			buildConfigurations = (
				CD65A3AB271B77CA00249530 /* Debug */,
				CD65A3AC271B77CA00249530 /* Release */,
			);
			defaultConfigurationIsVisible = 0;
			defaultConfigurationName = Release;
		};
		CD65A3AD271B77CA00249530 /* Build configuration list for PBXNativeTarget "DomainTests" */ = {
			isa = XCConfigurationList;
			buildConfigurations = (
				CD65A3AE271B77CA00249530 /* Debug */,
				CD65A3AF271B77CA00249530 /* Release */,
			);
			defaultConfigurationIsVisible = 0;
			defaultConfigurationName = Release;
		};
		CD65A3D0271B85D900249530 /* Build configuration list for PBXNativeTarget "Data" */ = {
			isa = XCConfigurationList;
			buildConfigurations = (
				CD65A3D1271B85D900249530 /* Debug */,
				CD65A3D2271B85D900249530 /* Release */,
			);
			defaultConfigurationIsVisible = 0;
			defaultConfigurationName = Release;
		};
		CD65A3D3271B85D900249530 /* Build configuration list for PBXNativeTarget "DataTests" */ = {
			isa = XCConfigurationList;
			buildConfigurations = (
				CD65A3D4271B85D900249530 /* Debug */,
				CD65A3D5271B85D900249530 /* Release */,
			);
			defaultConfigurationIsVisible = 0;
			defaultConfigurationName = Release;
		};
/* End XCConfigurationList section */
	};
	rootObject = CD65A36B271B6FDF00249530 /* Project object */;
}
